
Microsoft Visual Studio Solution File, Format Version 12.00
Project("{FAE04EC0-301F-11D3-BF4B-00C04F79EFBC}") = "Tracer.Core", "Tracer.Core\Tracer.Core.csproj", "{B0B3BD39-E4B1-4CB5-AF15-5C64588D2F39}"
EndProject
Project("{FAE04EC0-301F-11D3-BF4B-00C04F79EFBC}") = "Tracer.Serialization.Abstractions", "Tracer.Serialization.Abstractions\Tracer.Serialization.Abstractions.csproj", "{5B219B8D-3E68-4DE9-94FF-331D410A1951}"
EndProject
Project("{FAE04EC0-301F-11D3-BF4B-00C04F79EFBC}") = "Tracer.Example", "Tracer.Example\Tracer.Example.csproj", "{21E6D31F-83BA-4F37-B07F-AAC95B82A07A}"
EndProject
Project("{FAE04EC0-301F-11D3-BF4B-00C04F79EFBC}") = "Tracer.Core.Tests", "Tracer.Core.Tests\Tracer.Core.Tests.csproj", "{148DCB95-706E-4190-BC44-906A997ADECE}"
EndProject
Global
	GlobalSection(SolutionConfigurationPlatforms) = preSolution
		Debug|Any CPU = Debug|Any CPU
		Release|Any CPU = Release|Any CPU
	EndGlobalSection
	GlobalSection(ProjectConfigurationPlatforms) = postSolution
		{B0B3BD39-E4B1-4CB5-AF15-5C64588D2F39}.Debug|Any CPU.ActiveCfg = Debug|Any CPU
		{B0B3BD39-E4B1-4CB5-AF15-5C64588D2F39}.Debug|Any CPU.Build.0 = Debug|Any CPU
		{B0B3BD39-E4B1-4CB5-AF15-5C64588D2F39}.Release|Any CPU.ActiveCfg = Release|Any CPU
		{B0B3BD39-E4B1-4CB5-AF15-5C64588D2F39}.Release|Any CPU.Build.0 = Release|Any CPU
		{5B219B8D-3E68-4DE9-94FF-331D410A1951}.Debug|Any CPU.ActiveCfg = Debug|Any CPU
		{5B219B8D-3E68-4DE9-94FF-331D410A1951}.Debug|Any CPU.Build.0 = Debug|Any CPU
		{5B219B8D-3E68-4DE9-94FF-331D410A1951}.Release|Any CPU.ActiveCfg = Release|Any CPU
		{5B219B8D-3E68-4DE9-94FF-331D410A1951}.Release|Any CPU.Build.0 = Release|Any CPU
		{21E6D31F-83BA-4F37-B07F-AAC95B82A07A}.Debug|Any CPU.ActiveCfg = Debug|Any CPU
		{21E6D31F-83BA-4F37-B07F-AAC95B82A07A}.Debug|Any CPU.Build.0 = Debug|Any CPU
		{21E6D31F-83BA-4F37-B07F-AAC95B82A07A}.Release|Any CPU.ActiveCfg = Release|Any CPU
		{21E6D31F-83BA-4F37-B07F-AAC95B82A07A}.Release|Any CPU.Build.0 = Release|Any CPU
		{148DCB95-706E-4190-BC44-906A997ADECE}.Debug|Any CPU.ActiveCfg = Debug|Any CPU
		{148DCB95-706E-4190-BC44-906A997ADECE}.Debug|Any CPU.Build.0 = Debug|Any CPU
		{148DCB95-706E-4190-BC44-906A997ADECE}.Release|Any CPU.ActiveCfg = Release|Any CPU
		{148DCB95-706E-4190-BC44-906A997ADECE}.Release|Any CPU.Build.0 = Release|Any CPU
	EndGlobalSection
EndGlobal
